// !$*UTF8*$!
{
	archiveVersion = 1;
	classes = {
	};
	objectVersion = 46;
	objects = {

/* Begin PBXBuildFile section */
		C3CA22A01BD40909005755DE /* AppDelegate.swift in Sources */ = {isa = PBXBuildFile; fileRef = C3CA229F1BD40909005755DE /* AppDelegate.swift */; };
		C3CA22A51BD40909005755DE /* Main.storyboard in Resources */ = {isa = PBXBuildFile; fileRef = C3CA22A31BD40909005755DE /* Main.storyboard */; };
		C3CA22A71BD40909005755DE /* Assets.xcassets in Resources */ = {isa = PBXBuildFile; fileRef = C3CA22A61BD40909005755DE /* Assets.xcassets */; };
		C3CA22AA1BD40909005755DE /* LaunchScreen.storyboard in Resources */ = {isa = PBXBuildFile; fileRef = C3CA22A81BD40909005755DE /* LaunchScreen.storyboard */; };
		C3CA22B51BD40909005755DE /* SurfLogTests.swift in Sources */ = {isa = PBXBuildFile; fileRef = C3CA22B41BD40909005755DE /* SurfLogTests.swift */; };
		C3CA22C21BD40AA8005755DE /* CoreDataManager.swift in Sources */ = {isa = PBXBuildFile; fileRef = C3CA22C11BD40AA8005755DE /* CoreDataManager.swift */; settings = {ASSET_TAGS = (); }; };
		C3CA22C51BD42EA6005755DE /* SurfLog.xcdatamodeld in Sources */ = {isa = PBXBuildFile; fileRef = C3CA22C31BD42EA6005755DE /* SurfLog.xcdatamodeld */; settings = {ASSET_TAGS = (); }; };
		C3CA22C71BD43ECA005755DE /* AnalyticsViewController.swift in Sources */ = {isa = PBXBuildFile; fileRef = C3CA22C61BD43ECA005755DE /* AnalyticsViewController.swift */; settings = {ASSET_TAGS = (); }; };
		C3CA22D01BD4455F005755DE /* Board+CoreDataProperties.swift in Sources */ = {isa = PBXBuildFile; fileRef = C3CA22CA1BD4455F005755DE /* Board+CoreDataProperties.swift */; settings = {ASSET_TAGS = (); }; };
		C3CA22D11BD4455F005755DE /* Board.swift in Sources */ = {isa = PBXBuildFile; fileRef = C3CA22CB1BD4455F005755DE /* Board.swift */; settings = {ASSET_TAGS = (); }; };
		C3CA22D21BD4455F005755DE /* Wetsuit+CoreDataProperties.swift in Sources */ = {isa = PBXBuildFile; fileRef = C3CA22CC1BD4455F005755DE /* Wetsuit+CoreDataProperties.swift */; settings = {ASSET_TAGS = (); }; };
		C3CA22D31BD4455F005755DE /* Wetsuit.swift in Sources */ = {isa = PBXBuildFile; fileRef = C3CA22CD1BD4455F005755DE /* Wetsuit.swift */; settings = {ASSET_TAGS = (); }; };
		C3D4BB181BDBD6840007B824 /* LogTableViewController.swift in Sources */ = {isa = PBXBuildFile; fileRef = C3D4BB171BDBD6840007B824 /* LogTableViewController.swift */; settings = {ASSET_TAGS = (); }; };
		C3D4BB191BDBD6840007B824 /* LogTableViewController.swift in Sources */ = {isa = PBXBuildFile; fileRef = C3D4BB171BDBD6840007B824 /* LogTableViewController.swift */; settings = {ASSET_TAGS = (); }; };
		C3D4BB1B1BDBD6B20007B824 /* SettingsTableViewController.swift in Sources */ = {isa = PBXBuildFile; fileRef = C3D4BB1A1BDBD6B20007B824 /* SettingsTableViewController.swift */; settings = {ASSET_TAGS = (); }; };
		C3D4BB1C1BDBD6B20007B824 /* SettingsTableViewController.swift in Sources */ = {isa = PBXBuildFile; fileRef = C3D4BB1A1BDBD6B20007B824 /* SettingsTableViewController.swift */; settings = {ASSET_TAGS = (); }; };
		C3D4BB1E1BDBD6CB0007B824 /* BoardsTableViewController.swift in Sources */ = {isa = PBXBuildFile; fileRef = C3D4BB1D1BDBD6CB0007B824 /* BoardsTableViewController.swift */; settings = {ASSET_TAGS = (); }; };
		C3D4BB1F1BDBD6CB0007B824 /* BoardsTableViewController.swift in Sources */ = {isa = PBXBuildFile; fileRef = C3D4BB1D1BDBD6CB0007B824 /* BoardsTableViewController.swift */; settings = {ASSET_TAGS = (); }; };
		C3D4BB211BDBD6DA0007B824 /* WetsuitsTableViewController.swift in Sources */ = {isa = PBXBuildFile; fileRef = C3D4BB201BDBD6DA0007B824 /* WetsuitsTableViewController.swift */; settings = {ASSET_TAGS = (); }; };
		C3D4BB221BDBD6DA0007B824 /* WetsuitsTableViewController.swift in Sources */ = {isa = PBXBuildFile; fileRef = C3D4BB201BDBD6DA0007B824 /* WetsuitsTableViewController.swift */; settings = {ASSET_TAGS = (); }; };
		C3D4BB251BDBEBE90007B824 /* MultipleTabsViewController.swift in Sources */ = {isa = PBXBuildFile; fileRef = C3D4BB241BDBEBE90007B824 /* MultipleTabsViewController.swift */; settings = {ASSET_TAGS = (); }; };
		C3D4BB261BDBEBE90007B824 /* MultipleTabsViewController.swift in Sources */ = {isa = PBXBuildFile; fileRef = C3D4BB241BDBEBE90007B824 /* MultipleTabsViewController.swift */; settings = {ASSET_TAGS = (); }; };
		C3D4BB281BDC01CD0007B824 /* ManagedTabViewController.swift in Sources */ = {isa = PBXBuildFile; fileRef = C3D4BB271BDC01CD0007B824 /* ManagedTabViewController.swift */; settings = {ASSET_TAGS = (); }; };
		C3D4BB291BDC01CD0007B824 /* ManagedTabViewController.swift in Sources */ = {isa = PBXBuildFile; fileRef = C3D4BB271BDC01CD0007B824 /* ManagedTabViewController.swift */; settings = {ASSET_TAGS = (); }; };
		C3FF50721BDC384700BE2519 /* AddLogEntryViewController.swift in Sources */ = {isa = PBXBuildFile; fileRef = C3FF50711BDC384700BE2519 /* AddLogEntryViewController.swift */; settings = {ASSET_TAGS = (); }; };
		C3FF50781BDC784900BE2519 /* Session+CoreDataProperties.swift in Sources */ = {isa = PBXBuildFile; fileRef = C3FF50761BDC784900BE2519 /* Session+CoreDataProperties.swift */; settings = {ASSET_TAGS = (); }; };
		C3FF50791BDC784900BE2519 /* Session.swift in Sources */ = {isa = PBXBuildFile; fileRef = C3FF50771BDC784900BE2519 /* Session.swift */; settings = {ASSET_TAGS = (); }; };
		C3FF507B1BDC806200BE2519 /* SessionTableViewCell.swift in Sources */ = {isa = PBXBuildFile; fileRef = C3FF507A1BDC806200BE2519 /* SessionTableViewCell.swift */; settings = {ASSET_TAGS = (); }; };
/* End PBXBuildFile section */

/* Begin PBXContainerItemProxy section */
		C3CA22B11BD40909005755DE /* PBXContainerItemProxy */ = {
			isa = PBXContainerItemProxy;
			containerPortal = C3CA22941BD40909005755DE /* Project object */;
			proxyType = 1;
			remoteGlobalIDString = C3CA229B1BD40909005755DE;
			remoteInfo = SurfLog;
		};
/* End PBXContainerItemProxy section */

/* Begin PBXFileReference section */
		C3CA229C1BD40909005755DE /* SurfLog.app */ = {isa = PBXFileReference; explicitFileType = wrapper.application; includeInIndex = 0; path = SurfLog.app; sourceTree = BUILT_PRODUCTS_DIR; };
		C3CA229F1BD40909005755DE /* AppDelegate.swift */ = {isa = PBXFileReference; lastKnownFileType = sourcecode.swift; path = AppDelegate.swift; sourceTree = "<group>"; };
		C3CA22A41BD40909005755DE /* Base */ = {isa = PBXFileReference; lastKnownFileType = file.storyboard; name = Base; path = Base.lproj/Main.storyboard; sourceTree = "<group>"; };
		C3CA22A61BD40909005755DE /* Assets.xcassets */ = {isa = PBXFileReference; lastKnownFileType = folder.assetcatalog; path = Assets.xcassets; sourceTree = "<group>"; };
		C3CA22A91BD40909005755DE /* Base */ = {isa = PBXFileReference; lastKnownFileType = file.storyboard; name = Base; path = Base.lproj/LaunchScreen.storyboard; sourceTree = "<group>"; };
		C3CA22AB1BD40909005755DE /* Info.plist */ = {isa = PBXFileReference; lastKnownFileType = text.plist.xml; path = Info.plist; sourceTree = "<group>"; };
		C3CA22B01BD40909005755DE /* SurfLogTests.xctest */ = {isa = PBXFileReference; explicitFileType = wrapper.cfbundle; includeInIndex = 0; path = SurfLogTests.xctest; sourceTree = BUILT_PRODUCTS_DIR; };
		C3CA22B41BD40909005755DE /* SurfLogTests.swift */ = {isa = PBXFileReference; lastKnownFileType = sourcecode.swift; path = SurfLogTests.swift; sourceTree = "<group>"; };
		C3CA22B61BD40909005755DE /* Info.plist */ = {isa = PBXFileReference; lastKnownFileType = text.plist.xml; path = Info.plist; sourceTree = "<group>"; };
		C3CA22C11BD40AA8005755DE /* CoreDataManager.swift */ = {isa = PBXFileReference; fileEncoding = 4; lastKnownFileType = sourcecode.swift; name = CoreDataManager.swift; path = ../CoreDataManager.swift; sourceTree = "<group>"; };
		C3CA22C41BD42EA6005755DE /* SurfLog.xcdatamodel */ = {isa = PBXFileReference; explicitFileType = wrapper.xcdatamodel; path = SurfLog.xcdatamodel; sourceTree = "<group>"; };
		C3CA22C61BD43ECA005755DE /* AnalyticsViewController.swift */ = {isa = PBXFileReference; fileEncoding = 4; lastKnownFileType = sourcecode.swift; path = AnalyticsViewController.swift; sourceTree = "<group>"; };
		C3CA22CA1BD4455F005755DE /* Board+CoreDataProperties.swift */ = {isa = PBXFileReference; fileEncoding = 4; lastKnownFileType = sourcecode.swift; name = "Board+CoreDataProperties.swift"; path = "../Board+CoreDataProperties.swift"; sourceTree = "<group>"; };
		C3CA22CB1BD4455F005755DE /* Board.swift */ = {isa = PBXFileReference; fileEncoding = 4; lastKnownFileType = sourcecode.swift; name = Board.swift; path = ../Board.swift; sourceTree = "<group>"; };
		C3CA22CC1BD4455F005755DE /* Wetsuit+CoreDataProperties.swift */ = {isa = PBXFileReference; fileEncoding = 4; lastKnownFileType = sourcecode.swift; name = "Wetsuit+CoreDataProperties.swift"; path = "../Wetsuit+CoreDataProperties.swift"; sourceTree = "<group>"; };
		C3CA22CD1BD4455F005755DE /* Wetsuit.swift */ = {isa = PBXFileReference; fileEncoding = 4; lastKnownFileType = sourcecode.swift; name = Wetsuit.swift; path = ../Wetsuit.swift; sourceTree = "<group>"; };
		C3D4BB171BDBD6840007B824 /* LogTableViewController.swift */ = {isa = PBXFileReference; fileEncoding = 4; lastKnownFileType = sourcecode.swift; name = LogTableViewController.swift; path = ../LogTableViewController.swift; sourceTree = "<group>"; };
		C3D4BB1A1BDBD6B20007B824 /* SettingsTableViewController.swift */ = {isa = PBXFileReference; fileEncoding = 4; lastKnownFileType = sourcecode.swift; path = SettingsTableViewController.swift; sourceTree = "<group>"; };
		C3D4BB1D1BDBD6CB0007B824 /* BoardsTableViewController.swift */ = {isa = PBXFileReference; fileEncoding = 4; lastKnownFileType = sourcecode.swift; path = BoardsTableViewController.swift; sourceTree = "<group>"; };
		C3D4BB201BDBD6DA0007B824 /* WetsuitsTableViewController.swift */ = {isa = PBXFileReference; fileEncoding = 4; lastKnownFileType = sourcecode.swift; path = WetsuitsTableViewController.swift; sourceTree = "<group>"; };
		C3D4BB241BDBEBE90007B824 /* MultipleTabsViewController.swift */ = {isa = PBXFileReference; fileEncoding = 4; lastKnownFileType = sourcecode.swift; path = MultipleTabsViewController.swift; sourceTree = "<group>"; };
		C3D4BB271BDC01CD0007B824 /* ManagedTabViewController.swift */ = {isa = PBXFileReference; fileEncoding = 4; lastKnownFileType = sourcecode.swift; path = ManagedTabViewController.swift; sourceTree = "<group>"; };
		C3FF50711BDC384700BE2519 /* AddLogEntryViewController.swift */ = {isa = PBXFileReference; fileEncoding = 4; lastKnownFileType = sourcecode.swift; path = AddLogEntryViewController.swift; sourceTree = "<group>"; };
		C3FF50761BDC784900BE2519 /* Session+CoreDataProperties.swift */ = {isa = PBXFileReference; fileEncoding = 4; lastKnownFileType = sourcecode.swift; path = "Session+CoreDataProperties.swift"; sourceTree = "<group>"; };
		C3FF50771BDC784900BE2519 /* Session.swift */ = {isa = PBXFileReference; fileEncoding = 4; lastKnownFileType = sourcecode.swift; path = Session.swift; sourceTree = "<group>"; };
		C3FF507A1BDC806200BE2519 /* SessionTableViewCell.swift */ = {isa = PBXFileReference; fileEncoding = 4; lastKnownFileType = sourcecode.swift; path = SessionTableViewCell.swift; sourceTree = "<group>"; };
		C3FF507C1BDD663200BE2519 /* SurfLog 1.0.xcdatamodel */ = {isa = PBXFileReference; lastKnownFileType = wrapper.xcdatamodel; path = "SurfLog 1.0.xcdatamodel"; sourceTree = "<group>"; };
/* End PBXFileReference section */

/* Begin PBXFrameworksBuildPhase section */
		C3CA22991BD40909005755DE /* Frameworks */ = {
			isa = PBXFrameworksBuildPhase;
			buildActionMask = 2147483647;
			files = (
			);
			runOnlyForDeploymentPostprocessing = 0;
		};
		C3CA22AD1BD40909005755DE /* Frameworks */ = {
			isa = PBXFrameworksBuildPhase;
			buildActionMask = 2147483647;
			files = (
			);
			runOnlyForDeploymentPostprocessing = 0;
		};
/* End PBXFrameworksBuildPhase section */

/* Begin PBXGroup section */
		C3CA22931BD40909005755DE = {
			isa = PBXGroup;
			children = (
				C3CA229E1BD40909005755DE /* SurfLog */,
				C3CA22B31BD40909005755DE /* SurfLogTests */,
				C3CA229D1BD40909005755DE /* Products */,
			);
			sourceTree = "<group>";
		};
		C3CA229D1BD40909005755DE /* Products */ = {
			isa = PBXGroup;
			children = (
				C3CA229C1BD40909005755DE /* SurfLog.app */,
				C3CA22B01BD40909005755DE /* SurfLogTests.xctest */,
			);
			name = Products;
			sourceTree = "<group>";
		};
		C3CA229E1BD40909005755DE /* SurfLog */ = {
			isa = PBXGroup;
			children = (
				C3CA229F1BD40909005755DE /* AppDelegate.swift */,
				C3D4BB241BDBEBE90007B824 /* MultipleTabsViewController.swift */,
				C3D4BB271BDC01CD0007B824 /* ManagedTabViewController.swift */,
				C3FF507A1BDC806200BE2519 /* SessionTableViewCell.swift */,
				C3D4BB231BDBD6E40007B824 /* Controllers */,
				C3CA22C31BD42EA6005755DE /* SurfLog.xcdatamodeld */,
				C3CA22D41BD4456B005755DE /* Model */,
				C3CA22C11BD40AA8005755DE /* CoreDataManager.swift */,
				C3CA22A31BD40909005755DE /* Main.storyboard */,
				C3CA22A61BD40909005755DE /* Assets.xcassets */,
				C3CA22A81BD40909005755DE /* LaunchScreen.storyboard */,
				C3CA22AB1BD40909005755DE /* Info.plist */,
			);
			path = SurfLog;
			sourceTree = "<group>";
		};
		C3CA22B31BD40909005755DE /* SurfLogTests */ = {
			isa = PBXGroup;
			children = (
				C3CA22B41BD40909005755DE /* SurfLogTests.swift */,
				C3CA22B61BD40909005755DE /* Info.plist */,
			);
			path = SurfLogTests;
			sourceTree = "<group>";
		};
		C3CA22D41BD4456B005755DE /* Model */ = {
			isa = PBXGroup;
			children = (
				C3FF50761BDC784900BE2519 /* Session+CoreDataProperties.swift */,
				C3FF50771BDC784900BE2519 /* Session.swift */,
				C3CA22CA1BD4455F005755DE /* Board+CoreDataProperties.swift */,
				C3CA22CB1BD4455F005755DE /* Board.swift */,
				C3CA22CC1BD4455F005755DE /* Wetsuit+CoreDataProperties.swift */,
				C3CA22CD1BD4455F005755DE /* Wetsuit.swift */,
			);
			name = Model;
			sourceTree = "<group>";
		};
		C3D4BB231BDBD6E40007B824 /* Controllers */ = {
			isa = PBXGroup;
			children = (
				C3FF50731BDC386100BE2519 /* Log */,
				C3CA22C61BD43ECA005755DE /* AnalyticsViewController.swift */,
				C3D4BB1A1BDBD6B20007B824 /* SettingsTableViewController.swift */,
				C3D4BB1D1BDBD6CB0007B824 /* BoardsTableViewController.swift */,
				C3D4BB201BDBD6DA0007B824 /* WetsuitsTableViewController.swift */,
			);
			name = Controllers;
			sourceTree = "<group>";
		};
		C3FF50731BDC386100BE2519 /* Log */ = {
			isa = PBXGroup;
			children = (
				C3FF50711BDC384700BE2519 /* AddLogEntryViewController.swift */,
				C3D4BB171BDBD6840007B824 /* LogTableViewController.swift */,
			);
			name = Log;
			sourceTree = "<group>";
		};
/* End PBXGroup section */

/* Begin PBXNativeTarget section */
		C3CA229B1BD40909005755DE /* SurfLog */ = {
			isa = PBXNativeTarget;
			buildConfigurationList = C3CA22B91BD40909005755DE /* Build configuration list for PBXNativeTarget "SurfLog" */;
			buildPhases = (
				C3CA22981BD40909005755DE /* Sources */,
				C3CA22991BD40909005755DE /* Frameworks */,
				C3CA229A1BD40909005755DE /* Resources */,
			);
			buildRules = (
			);
			dependencies = (
			);
			name = SurfLog;
			productName = SurfLog;
			productReference = C3CA229C1BD40909005755DE /* SurfLog.app */;
			productType = "com.apple.product-type.application";
		};
		C3CA22AF1BD40909005755DE /* SurfLogTests */ = {
			isa = PBXNativeTarget;
			buildConfigurationList = C3CA22BC1BD40909005755DE /* Build configuration list for PBXNativeTarget "SurfLogTests" */;
			buildPhases = (
				C3CA22AC1BD40909005755DE /* Sources */,
				C3CA22AD1BD40909005755DE /* Frameworks */,
				C3CA22AE1BD40909005755DE /* Resources */,
			);
			buildRules = (
			);
			dependencies = (
				C3CA22B21BD40909005755DE /* PBXTargetDependency */,
			);
			name = SurfLogTests;
			productName = SurfLogTests;
			productReference = C3CA22B01BD40909005755DE /* SurfLogTests.xctest */;
			productType = "com.apple.product-type.bundle.unit-test";
		};
/* End PBXNativeTarget section */

/* Begin PBXProject section */
		C3CA22941BD40909005755DE /* Project object */ = {
			isa = PBXProject;
			attributes = {
				LastUpgradeCheck = 0700;
				ORGANIZATIONNAME = "Alex Brashear";
				TargetAttributes = {
					C3CA229B1BD40909005755DE = {
						CreatedOnToolsVersion = 7.0.1;
					};
					C3CA22AF1BD40909005755DE = {
						CreatedOnToolsVersion = 7.0.1;
						TestTargetID = C3CA229B1BD40909005755DE;
					};
				};
			};
			buildConfigurationList = C3CA22971BD40909005755DE /* Build configuration list for PBXProject "SurfLog" */;
			compatibilityVersion = "Xcode 3.2";
			developmentRegion = English;
			hasScannedForEncodings = 0;
			knownRegions = (
				en,
				Base,
			);
			mainGroup = C3CA22931BD40909005755DE;
			productRefGroup = C3CA229D1BD40909005755DE /* Products */;
			projectDirPath = "";
			projectRoot = "";
			targets = (
				C3CA229B1BD40909005755DE /* SurfLog */,
				C3CA22AF1BD40909005755DE /* SurfLogTests */,
			);
		};
/* End PBXProject section */

/* Begin PBXResourcesBuildPhase section */
		C3CA229A1BD40909005755DE /* Resources */ = {
			isa = PBXResourcesBuildPhase;
			buildActionMask = 2147483647;
			files = (
				C3CA22AA1BD40909005755DE /* LaunchScreen.storyboard in Resources */,
				C3CA22A71BD40909005755DE /* Assets.xcassets in Resources */,
				C3CA22A51BD40909005755DE /* Main.storyboard in Resources */,
			);
			runOnlyForDeploymentPostprocessing = 0;
		};
		C3CA22AE1BD40909005755DE /* Resources */ = {
			isa = PBXResourcesBuildPhase;
			buildActionMask = 2147483647;
			files = (
			);
			runOnlyForDeploymentPostprocessing = 0;
		};
/* End PBXResourcesBuildPhase section */

/* Begin PBXSourcesBuildPhase section */
		C3CA22981BD40909005755DE /* Sources */ = {
			isa = PBXSourcesBuildPhase;
			buildActionMask = 2147483647;
			files = (
				C3FF507B1BDC806200BE2519 /* SessionTableViewCell.swift in Sources */,
				C3D4BB181BDBD6840007B824 /* LogTableViewController.swift in Sources */,
				C3CA22D31BD4455F005755DE /* Wetsuit.swift in Sources */,
				C3D4BB251BDBEBE90007B824 /* MultipleTabsViewController.swift in Sources */,
				C3FF50781BDC784900BE2519 /* Session+CoreDataProperties.swift in Sources */,
				C3CA22C21BD40AA8005755DE /* CoreDataManager.swift in Sources */,
				C3CA22D01BD4455F005755DE /* Board+CoreDataProperties.swift in Sources */,
				C3CA22C51BD42EA6005755DE /* SurfLog.xcdatamodeld in Sources */,
				C3FF50791BDC784900BE2519 /* Session.swift in Sources */,
				C3CA22D21BD4455F005755DE /* Wetsuit+CoreDataProperties.swift in Sources */,
				C3D4BB1B1BDBD6B20007B824 /* SettingsTableViewController.swift in Sources */,
				C3D4BB211BDBD6DA0007B824 /* WetsuitsTableViewController.swift in Sources */,
				C3CA22A01BD40909005755DE /* AppDelegate.swift in Sources */,
				C3D4BB281BDC01CD0007B824 /* ManagedTabViewController.swift in Sources */,
				C3D4BB1E1BDBD6CB0007B824 /* BoardsTableViewController.swift in Sources */,
				C3CA22C71BD43ECA005755DE /* AnalyticsViewController.swift in Sources */,
				C3FF50721BDC384700BE2519 /* AddLogEntryViewController.swift in Sources */,
				C3CA22D11BD4455F005755DE /* Board.swift in Sources */,
			);
			runOnlyForDeploymentPostprocessing = 0;
		};
		C3CA22AC1BD40909005755DE /* Sources */ = {
			isa = PBXSourcesBuildPhase;
			buildActionMask = 2147483647;
			files = (
				C3D4BB221BDBD6DA0007B824 /* WetsuitsTableViewController.swift in Sources */,
				C3D4BB1F1BDBD6CB0007B824 /* BoardsTableViewController.swift in Sources */,
				C3D4BB191BDBD6840007B824 /* LogTableViewController.swift in Sources */,
				C3CA22B51BD40909005755DE /* SurfLogTests.swift in Sources */,
				C3D4BB291BDC01CD0007B824 /* ManagedTabViewController.swift in Sources */,
				C3D4BB261BDBEBE90007B824 /* MultipleTabsViewController.swift in Sources */,
				C3D4BB1C1BDBD6B20007B824 /* SettingsTableViewController.swift in Sources */,
			);
			runOnlyForDeploymentPostprocessing = 0;
		};
/* End PBXSourcesBuildPhase section */

/* Begin PBXTargetDependency section */
		C3CA22B21BD40909005755DE /* PBXTargetDependency */ = {
			isa = PBXTargetDependency;
			target = C3CA229B1BD40909005755DE /* SurfLog */;
			targetProxy = C3CA22B11BD40909005755DE /* PBXContainerItemProxy */;
		};
/* End PBXTargetDependency section */

/* Begin PBXVariantGroup section */
		C3CA22A31BD40909005755DE /* Main.storyboard */ = {
			isa = PBXVariantGroup;
			children = (
				C3CA22A41BD40909005755DE /* Base */,
			);
			name = Main.storyboard;
			sourceTree = "<group>";
		};
		C3CA22A81BD40909005755DE /* LaunchScreen.storyboard */ = {
			isa = PBXVariantGroup;
			children = (
				C3CA22A91BD40909005755DE /* Base */,
			);
			name = LaunchScreen.storyboard;
			sourceTree = "<group>";
		};
/* End PBXVariantGroup section */

/* Begin XCBuildConfiguration section */
		C3CA22B71BD40909005755DE /* Debug */ = {
			isa = XCBuildConfiguration;
			buildSettings = {
				ALWAYS_SEARCH_USER_PATHS = NO;
				CLANG_CXX_LANGUAGE_STANDARD = "gnu++0x";
				CLANG_CXX_LIBRARY = "libc++";
				CLANG_ENABLE_MODULES = YES;
				CLANG_ENABLE_OBJC_ARC = YES;
				CLANG_WARN_BOOL_CONVERSION = YES;
				CLANG_WARN_CONSTANT_CONVERSION = YES;
				CLANG_WARN_DIRECT_OBJC_ISA_USAGE = YES_ERROR;
				CLANG_WARN_EMPTY_BODY = YES;
				CLANG_WARN_ENUM_CONVERSION = YES;
				CLANG_WARN_INT_CONVERSION = YES;
				CLANG_WARN_OBJC_ROOT_CLASS = YES_ERROR;
				CLANG_WARN_UNREACHABLE_CODE = YES;
				CLANG_WARN__DUPLICATE_METHOD_MATCH = YES;
				"CODE_SIGN_IDENTITY[sdk=iphoneos*]" = "iPhone Developer";
				COPY_PHASE_STRIP = NO;
				DEBUG_INFORMATION_FORMAT = dwarf;
				ENABLE_STRICT_OBJC_MSGSEND = YES;
				ENABLE_TESTABILITY = YES;
				GCC_C_LANGUAGE_STANDARD = gnu99;
				GCC_DYNAMIC_NO_PIC = NO;
				GCC_NO_COMMON_BLOCKS = YES;
				GCC_OPTIMIZATION_LEVEL = 0;
				GCC_PREPROCESSOR_DEFINITIONS = (
					"DEBUG=1",
					"$(inherited)",
				);
				GCC_WARN_64_TO_32_BIT_CONVERSION = YES;
				GCC_WARN_ABOUT_RETURN_TYPE = YES_ERROR;
				GCC_WARN_UNDECLARED_SELECTOR = YES;
				GCC_WARN_UNINITIALIZED_AUTOS = YES_AGGRESSIVE;
				GCC_WARN_UNUSED_FUNCTION = YES;
				GCC_WARN_UNUSED_VARIABLE = YES;
				IPHONEOS_DEPLOYMENT_TARGET = 9.0;
				MTL_ENABLE_DEBUG_INFO = YES;
				ONLY_ACTIVE_ARCH = YES;
				SDKROOT = iphoneos;
				SWIFT_OPTIMIZATION_LEVEL = "-Onone";
				TARGETED_DEVICE_FAMILY = "1,2";
			};
			name = Debug;
		};
		C3CA22B81BD40909005755DE /* Release */ = {
			isa = XCBuildConfiguration;
			buildSettings = {
				ALWAYS_SEARCH_USER_PATHS = NO;
				CLANG_CXX_LANGUAGE_STANDARD = "gnu++0x";
				CLANG_CXX_LIBRARY = "libc++";
				CLANG_ENABLE_MODULES = YES;
				CLANG_ENABLE_OBJC_ARC = YES;
				CLANG_WARN_BOOL_CONVERSION = YES;
				CLANG_WARN_CONSTANT_CONVERSION = YES;
				CLANG_WARN_DIRECT_OBJC_ISA_USAGE = YES_ERROR;
				CLANG_WARN_EMPTY_BODY = YES;
				CLANG_WARN_ENUM_CONVERSION = YES;
				CLANG_WARN_INT_CONVERSION = YES;
				CLANG_WARN_OBJC_ROOT_CLASS = YES_ERROR;
				CLANG_WARN_UNREACHABLE_CODE = YES;
				CLANG_WARN__DUPLICATE_METHOD_MATCH = YES;
				"CODE_SIGN_IDENTITY[sdk=iphoneos*]" = "iPhone Developer";
				COPY_PHASE_STRIP = NO;
				DEBUG_INFORMATION_FORMAT = "dwarf-with-dsym";
				ENABLE_NS_ASSERTIONS = NO;
				ENABLE_STRICT_OBJC_MSGSEND = YES;
				GCC_C_LANGUAGE_STANDARD = gnu99;
				GCC_NO_COMMON_BLOCKS = YES;
				GCC_WARN_64_TO_32_BIT_CONVERSION = YES;
				GCC_WARN_ABOUT_RETURN_TYPE = YES_ERROR;
				GCC_WARN_UNDECLARED_SELECTOR = YES;
				GCC_WARN_UNINITIALIZED_AUTOS = YES_AGGRESSIVE;
				GCC_WARN_UNUSED_FUNCTION = YES;
				GCC_WARN_UNUSED_VARIABLE = YES;
				IPHONEOS_DEPLOYMENT_TARGET = 9.0;
				MTL_ENABLE_DEBUG_INFO = NO;
				SDKROOT = iphoneos;
				TARGETED_DEVICE_FAMILY = "1,2";
				VALIDATE_PRODUCT = YES;
			};
			name = Release;
		};
		C3CA22BA1BD40909005755DE /* Debug */ = {
			isa = XCBuildConfiguration;
			buildSettings = {
				ASSETCATALOG_COMPILER_APPICON_NAME = AppIcon;
				INFOPLIST_FILE = SurfLog/Info.plist;
				LD_RUNPATH_SEARCH_PATHS = "$(inherited) @executable_path/Frameworks";
				PRODUCT_BUNDLE_IDENTIFIER = com.brashear.SurfLog;
				PRODUCT_NAME = "$(TARGET_NAME)";
			};
			name = Debug;
		};
		C3CA22BB1BD40909005755DE /* Release */ = {
			isa = XCBuildConfiguration;
			buildSettings = {
				ASSETCATALOG_COMPILER_APPICON_NAME = AppIcon;
				INFOPLIST_FILE = SurfLog/Info.plist;
				LD_RUNPATH_SEARCH_PATHS = "$(inherited) @executable_path/Frameworks";
				PRODUCT_BUNDLE_IDENTIFIER = com.brashear.SurfLog;
				PRODUCT_NAME = "$(TARGET_NAME)";
			};
			name = Release;
		};
		C3CA22BD1BD40909005755DE /* Debug */ = {
			isa = XCBuildConfiguration;
			buildSettings = {
				BUNDLE_LOADER = "$(TEST_HOST)";
				INFOPLIST_FILE = SurfLogTests/Info.plist;
				LD_RUNPATH_SEARCH_PATHS = "$(inherited) @executable_path/Frameworks @loader_path/Frameworks";
				PRODUCT_BUNDLE_IDENTIFIER = com.brashear.SurfLogTests;
				PRODUCT_NAME = "$(TARGET_NAME)";
				TEST_HOST = "$(BUILT_PRODUCTS_DIR)/SurfLog.app/SurfLog";
			};
			name = Debug;
		};
		C3CA22BE1BD40909005755DE /* Release */ = {
			isa = XCBuildConfiguration;
			buildSettings = {
				BUNDLE_LOADER = "$(TEST_HOST)";
				INFOPLIST_FILE = SurfLogTests/Info.plist;
				LD_RUNPATH_SEARCH_PATHS = "$(inherited) @executable_path/Frameworks @loader_path/Frameworks";
				PRODUCT_BUNDLE_IDENTIFIER = com.brashear.SurfLogTests;
				PRODUCT_NAME = "$(TARGET_NAME)";
				TEST_HOST = "$(BUILT_PRODUCTS_DIR)/SurfLog.app/SurfLog";
			};
			name = Release;
		};
/* End XCBuildConfiguration section */

/* Begin XCConfigurationList section */
		C3CA22971BD40909005755DE /* Build configuration list for PBXProject "SurfLog" */ = {
			isa = XCConfigurationList;
			buildConfigurations = (
				C3CA22B71BD40909005755DE /* Debug */,
				C3CA22B81BD40909005755DE /* Release */,
			);
			defaultConfigurationIsVisible = 0;
			defaultConfigurationName = Release;
		};
		C3CA22B91BD40909005755DE /* Build configuration list for PBXNativeTarget "SurfLog" */ = {
			isa = XCConfigurationList;
			buildConfigurations = (
				C3CA22BA1BD40909005755DE /* Debug */,
				C3CA22BB1BD40909005755DE /* Release */,
			);
			defaultConfigurationIsVisible = 0;
			defaultConfigurationName = Release;
		};
		C3CA22BC1BD40909005755DE /* Build configuration list for PBXNativeTarget "SurfLogTests" */ = {
			isa = XCConfigurationList;
			buildConfigurations = (
				C3CA22BD1BD40909005755DE /* Debug */,
				C3CA22BE1BD40909005755DE /* Release */,
			);
			defaultConfigurationIsVisible = 0;
			defaultConfigurationName = Release;
		};
/* End XCConfigurationList section */

/* Begin XCVersionGroup section */
		C3CA22C31BD42EA6005755DE /* SurfLog.xcdatamodeld */ = {
			isa = XCVersionGroup;
			children = (
				C3FF507C1BDD663200BE2519 /* SurfLog 1.0.xcdatamodel */,
				C3CA22C41BD42EA6005755DE /* SurfLog.xcdatamodel */,
			);
			currentVersion = C3FF507C1BDD663200BE2519 /* SurfLog 1.0.xcdatamodel */;
			path = SurfLog.xcdatamodeld;
			sourceTree = "<group>";
			versionGroupType = wrapper.xcdatamodel;
		};
/* End XCVersionGroup section */
	};
	rootObject = C3CA22941BD40909005755DE /* Project object */;
}
